
Microsoft Visual Studio Solution File, Format Version 12.00
# Visual Studio Version 17
VisualStudioVersion = 17.7.34031.279
MinimumVisualStudioVersion = 10.0.40219.1
Project("{FAE04EC0-301F-11D3-BF4B-00C04F79EFBC}") = "tema 3 ejemplo de tipos variables", "tema 3 ejemplo de tipos variables.csproj", "{220540E5-50CC-4CF5-934A-666C4F477B65}"
EndProject
Global
	GlobalSection(SolutionConfigurationPlatforms) = preSolution
		Debug|Any CPU = Debug|Any CPU
		Release|Any CPU = Release|Any CPU
	EndGlobalSection
	GlobalSection(ProjectConfigurationPlatforms) = postSolution
		{220540E5-50CC-4CF5-934A-666C4F477B65}.Debug|Any CPU.ActiveCfg = Debug|Any CPU
		{220540E5-50CC-4CF5-934A-666C4F477B65}.Debug|Any CPU.Build.0 = Debug|Any CPU
		{220540E5-50CC-4CF5-934A-666C4F477B65}.Release|Any CPU.ActiveCfg = Release|Any CPU
		{220540E5-50CC-4CF5-934A-666C4F477B65}.Release|Any CPU.Build.0 = Release|Any CPU
	EndGlobalSection
	GlobalSection(SolutionProperties) = preSolution
		HideSolutionNode = FALSE
	EndGlobalSection
	GlobalSection(ExtensibilityGlobals) = postSolution
		SolutionGuid = {32E84813-E0DC-4FFC-8311-FC1D7256C497}
	EndGlobalSection
EndGlobal
