
Microsoft Visual Studio Solution File, Format Version 12.00
# Visual Studio Version 17
VisualStudioVersion = 17.6.33723.286
MinimumVisualStudioVersion = 10.0.40219.1
Project("{FAE04EC0-301F-11D3-BF4B-00C04F79EFBC}") = "programacion-estructurada-en-secuencia-15-septembre-23", "programacion-estructurada-en-secuencia-15-septembre-23.csproj", "{490F9C2D-20BB-4686-809F-0AAE10F26D12}"
EndProject
Global
	GlobalSection(SolutionConfigurationPlatforms) = preSolution
		Debug|Any CPU = Debug|Any CPU
		Release|Any CPU = Release|Any CPU
	EndGlobalSection
	GlobalSection(ProjectConfigurationPlatforms) = postSolution
		{490F9C2D-20BB-4686-809F-0AAE10F26D12}.Debug|Any CPU.ActiveCfg = Debug|Any CPU
		{490F9C2D-20BB-4686-809F-0AAE10F26D12}.Debug|Any CPU.Build.0 = Debug|Any CPU
		{490F9C2D-20BB-4686-809F-0AAE10F26D12}.Release|Any CPU.ActiveCfg = Release|Any CPU
		{490F9C2D-20BB-4686-809F-0AAE10F26D12}.Release|Any CPU.Build.0 = Release|Any CPU
	EndGlobalSection
	GlobalSection(SolutionProperties) = preSolution
		HideSolutionNode = FALSE
	EndGlobalSection
	GlobalSection(ExtensibilityGlobals) = postSolution
		SolutionGuid = {24EFA41F-7038-4BC1-A9DC-2AB25DA5CF72}
	EndGlobalSection
EndGlobal
